version: 1.0
shards:
  emoji:
    github: veelenga/emoji.cr
    version: 0.1.0

  github:
    github: dukex/github
    commit: d3dbdf954b18869f2e17418a7807723f5dfb013d

  kemal:
    github: sdogruyol/kemal
    commit: 1b27f5c011f48169d24e7d7750b1c162afa483be

  kilt:
    github: jeromegn/kilt
    version: 0.3.3

  micrate:
    github: juanedi/micrate
    version: 0.2.2

  multipart:
    github: RX14/multipart.cr
    version: 0.1.0

  pg:
    github: will/crystal-pg
    version: 0.11.0

  radix:
    github: luislavena/radix
    version: 0.3.1

  spec-kemal:
    github: sdogruyol/spec-kemal
    commit: fee1b2b7c006b685d61c8fcea63d130aa8ef1af6

