version: 1.0
shards:
  emoji:
    github: veelenga/emoji.cr
    version: 0.1.0

  github:
    github: dukex/github
    commit: 038457c86304c88df342ce4d5d43006c7338a63f

  kemal:
    github: sdogruyol/kemal
    commit: 5d71c765544b2030e102ba523480deed8430e0aa

  kilt:
    github: jeromegn/kilt
    version: 0.3.3

  micrate:
    github: juanedi/micrate
    version: 0.2.2

  multipart:
    github: RX14/multipart.cr
    version: 0.1.0

  pg:
    github: will/crystal-pg
    version: 0.11.0

  radix:
    github: luislavena/radix
    version: 0.3.1

  spec-kemal:
    github: sdogruyol/spec-kemal
    commit: fee1b2b7c006b685d61c8fcea63d130aa8ef1af6

